{
  "name": "test-serial-port",
  "version": "1.0.0",
  "lockfileVersion": 2,
  "requires": true,
  "packages": {
    "": {
      "name": "test-serial-port",
      "version": "1.0.0",
      "license": "ISC",
      "dependencies": {
        "@serialport/parser-inter-byte-timeout": "^10.3.0",
        "fancy-format-log": "^3.0.0",
        "serialport": "^10.4.0"
      }
    },
    "node_modules/@serialport/binding-mock": {
      "version": "10.2.2",
      "resolved": "http://localhost:4873/@serialport%2fbinding-mock/-/binding-mock-10.2.2.tgz",
      "integrity": "sha512-HAFzGhk9OuFMpuor7aT5G1ChPgn5qSsklTFOTUX72Rl6p0xwcSVsRtG/xaGp6bxpN7fI9D/S8THLBWbBgS6ldw==",
      "license": "MIT",
      "dependencies": {
        "@serialport/bindings-interface": "^1.2.1",
        "debug": "^4.3.3"
      },
      "engines": {
        "node": ">=12.0.0"
      }
    },
    "node_modules/@serialport/bindings-cpp": {
      "version": "10.7.0",
      "resolved": "http://localhost:4873/@serialport%2fbindings-cpp/-/bindings-cpp-10.7.0.tgz",
      "integrity": "sha512-Xx1wA2UCG2loS32hxNvWJI4smCzGKhWqE85//fLRzHoGgE1lSLe3Nk7W40/ebrlGFHWRbQZmeaIF4chb2XLliA==",
      "hasInstallScript": true,
      "license": "MIT",
      "dependencies": {
        "@serialport/bindings-interface": "1.2.1",
        "@serialport/parser-readline": "^10.2.1",
        "debug": "^4.3.2",
        "node-addon-api": "^4.3.0",
        "node-gyp-build": "^4.3.0"
      },
      "engines": {
        "node": ">=12.17.0 <13.0 || >=14.0.0"
      },
      "funding": {
        "url": "https://opencollective.com/serialport/donate"
      }
    },
    "node_modules/@serialport/bindings-cpp/node_modules/@serialport/bindings-interface": {
      "version": "1.2.1",
      "resolved": "http://localhost:4873/@serialport%2fbindings-interface/-/bindings-interface-1.2.1.tgz",
      "integrity": "sha512-63Dyqz2gtryRDDckFusOYqLYhR3Hq/M4sEdbF9i/VsvDb6T+tNVgoAKUZ+FMrXXKnCSu+hYbk+MTc0XQANszxw==",
      "license": "MIT",
      "engines": {
        "node": "^12.22 || ^14.13 || >=16"
      }
    },
    "node_modules/@serialport/bindings-interface": {
      "version": "1.2.2",
      "resolved": "http://localhost:4873/@serialport%2fbindings-interface/-/bindings-interface-1.2.2.tgz",
      "integrity": "sha512-CJaUd5bLvtM9c5dmO9rPBHPXTa9R2UwpkJ0wdh9JCYcbrPWsKz+ErvR0hBLeo7NPeiFdjFO4sonRljiw4d2XiA==",
      "license": "MIT",
      "engines": {
        "node": "^12.22 || ^14.13 || >=16"
      }
    },
    "node_modules/@serialport/parser-byte-length": {
      "version": "10.3.0",
      "resolved": "http://localhost:4873/@serialport%2fparser-byte-length/-/parser-byte-length-10.3.0.tgz",
      "integrity": "sha512-pJ/VoFemzKRRNDHLhFfPThwP40QrGaEnm9TtwL7o2GihEPwzBg3T0bN13ew5TpbbUYZdMpUtpm3CGfl6av9rUQ==",
      "license": "MIT",
      "engines": {
        "node": ">=12.0.0"
      },
      "funding": {
        "url": "https://opencollective.com/serialport/donate"
      }
    },
    "node_modules/@serialport/parser-cctalk": {
      "version": "10.3.0",
      "resolved": "http://localhost:4873/@serialport%2fparser-cctalk/-/parser-cctalk-10.3.0.tgz",
      "integrity": "sha512-8ujmk8EvVbDPrNF4mM33bWvUYJOZ0wXbY3WCRazHRWvyCdL0VO0DQvW81ZqgoTpiDQZm5r8wQu9rmuemahF6vQ==",
      "license": "MIT",
      "engines": {
        "node": ">=12.0.0"
      },
      "funding": {
        "url": "https://opencollective.com/serialport/donate"
      }
    },
    "node_modules/@serialport/parser-delimiter": {
      "version": "10.3.0",
      "resolved": "http://localhost:4873/@serialport%2fparser-delimiter/-/parser-delimiter-10.3.0.tgz",
      "integrity": "sha512-9E4Vj6s0UbbcCCTclwegHGPYjJhdm9qLCS0lowXQDEQC5naZnbsELemMHs93nD9jHPcyx1B4oXkMnVZLxX5TYw==",
      "license": "MIT",
      "engines": {
        "node": ">=12.0.0"
      },
      "funding": {
        "url": "https://opencollective.com/serialport/donate"
      }
    },
    "node_modules/@serialport/parser-inter-byte-timeout": {
      "version": "10.3.0",
      "resolved": "http://localhost:4873/@serialport%2fparser-inter-byte-timeout/-/parser-inter-byte-timeout-10.3.0.tgz",
      "integrity": "sha512-wKP0QK85NHgvT6BBB1qBfKBBU4pf8kespNXAZBUYmFT+P4n8r8IZE2mqigCD+AiZcfWNQoAizwOsT/Jx/qeVig==",
      "license": "MIT",
      "engines": {
        "node": ">=12.0.0"
      },
      "funding": {
        "url": "https://opencollective.com/serialport/donate"
      }
    },
    "node_modules/@serialport/parser-packet-length": {
      "version": "10.3.0",
      "resolved": "http://localhost:4873/@serialport%2fparser-packet-length/-/parser-packet-length-10.3.0.tgz",
      "integrity": "sha512-bj0cWzt8YSQj/E5fRQVYdi4TsfTlZQrXlXrUwjyTsCONv8IPOHzsz+yY0fw5SEMiJtaLyqvPkCHLsttOd/zFsg==",
      "license": "MIT",
      "engines": {
        "node": ">=8.6.0"
      }
    },
    "node_modules/@serialport/parser-readline": {
      "version": "10.3.0",
      "resolved": "http://localhost:4873/@serialport%2fparser-readline/-/parser-readline-10.3.0.tgz",
      "integrity": "sha512-ki3ATZ3/RAqnqGROBKE7k+OeZ0DZXZ53GTca4q71OU5RazbbNhTOBQLKLXD3v9QZXCMJdg4hGW/2Y0DuMUqMQg==",
      "license": "MIT",
      "dependencies": {
        "@serialport/parser-delimiter": "10.3.0"
      },
      "engines": {
        "node": ">=12.0.0"
      },
      "funding": {
        "url": "https://opencollective.com/serialport/donate"
      }
    },
    "node_modules/@serialport/parser-ready": {
      "version": "10.3.0",
      "resolved": "http://localhost:4873/@serialport%2fparser-ready/-/parser-ready-10.3.0.tgz",
      "integrity": "sha512-1owywJ4p592dJyVrEJZPIh6pUZ3/y/LN6kGTDH2wxdewRUITo/sGvDy0er5i2+dJD3yuowiAz0dOHSdz8tevJA==",
      "license": "MIT",
      "engines": {
        "node": ">=12.0.0"
      },
      "funding": {
        "url": "https://opencollective.com/serialport/donate"
      }
    },
    "node_modules/@serialport/parser-regex": {
      "version": "10.3.0",
      "resolved": "http://localhost:4873/@serialport%2fparser-regex/-/parser-regex-10.3.0.tgz",
      "integrity": "sha512-tIogTs7CvTH+UUFnsvE7i33MSISyTPTGPWlglWYH2/5coipXY503jlaYS1YGe818wWNcSx6YAjMZRdhTWwM39w==",
      "license": "MIT",
      "engines": {
        "node": ">=12.0.0"
      },
      "funding": {
        "url": "https://opencollective.com/serialport/donate"
      }
    },
    "node_modules/@serialport/parser-slip-encoder": {
      "version": "10.3.0",
      "resolved": "http://localhost:4873/@serialport%2fparser-slip-encoder/-/parser-slip-encoder-10.3.0.tgz",
      "integrity": "sha512-JI0ILF5sylWn8f0MuMzHFBix/iMUTa79/Z95KaPZYnVaEdA7h7hh/o21Jmon/26P3RJwL1SNJCjZ81zfan+LtQ==",
      "license": "MIT",
      "engines": {
        "node": ">=12.0.0"
      },
      "funding": {
        "url": "https://opencollective.com/serialport/donate"
      }
    },
    "node_modules/@serialport/parser-spacepacket": {
      "version": "10.3.0",
      "resolved": "http://localhost:4873/@serialport%2fparser-spacepacket/-/parser-spacepacket-10.3.0.tgz",
      "integrity": "sha512-PDF73ClEPsClD1FEJZHNuBevDKsJCkqy/XD5+S5eA6+tY5D4HLrVgSWsg+3qqB6+dlpwf2CzHe+uO8D3teuKHA==",
      "license": "MIT",
      "engines": {
        "node": ">=12.0.0"
      },
      "funding": {
        "url": "https://opencollective.com/serialport/donate"
      }
    },
    "node_modules/@serialport/stream": {
      "version": "10.3.0",
      "resolved": "http://localhost:4873/@serialport%2fstream/-/stream-10.3.0.tgz",
      "integrity": "sha512-7sooi5fHogYNVEJwxVdg872xO6TuMgQd2E9iRmv+o8pk/1dbBnPkmH6Ka3st1mVE+0KnIJqVlgei+ncSsqXIGw==",
      "license": "MIT",
      "dependencies": {
        "@serialport/bindings-interface": "1.2.1",
        "debug": "^4.3.2"
      },
      "engines": {
        "node": ">=12.0.0"
      },
      "funding": {
        "url": "https://opencollective.com/serialport/donate"
      }
    },
    "node_modules/@serialport/stream/node_modules/@serialport/bindings-interface": {
      "version": "1.2.1",
      "resolved": "http://localhost:4873/@serialport%2fbindings-interface/-/bindings-interface-1.2.1.tgz",
      "integrity": "sha512-63Dyqz2gtryRDDckFusOYqLYhR3Hq/M4sEdbF9i/VsvDb6T+tNVgoAKUZ+FMrXXKnCSu+hYbk+MTc0XQANszxw==",
      "license": "MIT",
      "engines": {
        "node": "^12.22 || ^14.13 || >=16"
      }
    },
    "node_modules/ansi-styles": {
      "version": "4.3.0",
      "resolved": "http://localhost:4873/ansi-styles/-/ansi-styles-4.3.0.tgz",
      "integrity": "sha512-zbB9rCJAT1rbjiVDb2hqKFHNYLxgtk8NURxZ3IZwD3F6NtxbXZQCnnSi1Lkx+IDohdPlFp222wVALIheZJQSEg==",
      "license": "MIT",
      "dependencies": {
        "color-convert": "^2.0.1"
      },
      "engines": {
        "node": ">=8"
      },
      "funding": {
        "url": "https://github.com/chalk/ansi-styles?sponsor=1"
      }
    },
    "node_modules/chalk": {
      "version": "4.1.2",
      "resolved": "http://localhost:4873/chalk/-/chalk-4.1.2.tgz",
      "integrity": "sha512-oKnbhFyRIXpUuez8iBMmyEa4nbj4IOQyuhc/wy9kY7/WVPcwIO9VA668Pu8RkO7+0G76SLROeyw9CpQ061i4mA==",
      "license": "MIT",
      "dependencies": {
        "ansi-styles": "^4.1.0",
        "supports-color": "^7.1.0"
      },
      "engines": {
        "node": ">=10"
      },
      "funding": {
        "url": "https://github.com/chalk/chalk?sponsor=1"
      }
    },
    "node_modules/chalk-pipe": {
      "version": "4.0.0",
      "resolved": "http://localhost:4873/chalk-pipe/-/chalk-pipe-4.0.0.tgz",
      "integrity": "sha512-RbCYs/FDouEBoDSBLcHzUv44lpIR2UgeXGMrr8sSKjhJ2jJZ+gBJ89ZKo3XHqMXHFQRdU7oDcw+Lbg8rDA/hqw==",
      "license": "MIT",
      "dependencies": {
        "chalk": "^4.0.0",
        "css-color-names": "^1.0.0"
      }
    },
    "node_modules/color-convert": {
      "version": "2.0.1",
      "resolved": "http://localhost:4873/color-convert/-/color-convert-2.0.1.tgz",
      "integrity": "sha512-RRECPsj7iu/xb5oKYcsFHSppFNnsj/52OVTRKb4zP5onXwVF3zVmmToNcOfGC+CRDpfK/U584fMg38ZHCaElKQ==",
      "license": "MIT",
      "dependencies": {
        "color-name": "~1.1.4"
      },
      "engines": {
        "node": ">=7.0.0"
      }
    },
    "node_modules/color-name": {
      "version": "1.1.4",
      "resolved": "http://localhost:4873/color-name/-/color-name-1.1.4.tgz",
      "integrity": "sha512-dOy+3AuW3a2wNbZHIuMZpTcgjGuLU/uBL/ubcZF9OXbDo8ff4O8yVp5Bf0efS8uEoYo5q4Fx7dY9OgQGXgAsQA==",
      "license": "MIT"
    },
    "node_modules/css-color-names": {
      "version": "1.0.1",
      "resolved": "http://localhost:4873/css-color-names/-/css-color-names-1.0.1.tgz",
      "integrity": "sha512-/loXYOch1qU1biStIFsHH8SxTmOseh1IJqFvy8IujXOm1h+QjUdDhkzOrR5HG8K8mlxREj0yfi8ewCHx0eMxzA==",
      "license": "MIT",
      "engines": {
        "node": "*"
      }
    },
    "node_modules/debug": {
      "version": "4.3.4",
      "resolved": "http://localhost:4873/debug/-/debug-4.3.4.tgz",
      "integrity": "sha512-PRWFHuSU3eDtQJPvnNY7Jcket1j0t5OuOsFzPPzsekD52Zl8qUfFIPEiswXqIvHWGVHOgX+7G/vCNNhehwxfkQ==",
      "license": "MIT",
      "dependencies": {
        "ms": "2.1.2"
      },
      "engines": {
        "node": ">=6.0"
      },
      "peerDependenciesMeta": {
        "supports-color": {
          "optional": true
        }
      }
    },
    "node_modules/fancy-format-log": {
      "version": "3.0.0",
      "resolved": "http://localhost:4873/fancy-format-log/-/fancy-format-log-3.0.0.tgz",
      "integrity": "sha512-OBfnXqZujSfO5mL3pcskAbLWJ2HkHqMNIEZKTkhPVJ2vR3PZgBlBUJMMXyihzx9XYdOy4Lm0A9WgO2ah97ODJA==",
      "license": "MIT",
      "dependencies": {
        "chalk-pipe": "^4.0.0",
        "time-stamp": "^2.0.0"
      },
      "engines": {
        "node": ">=10"
      }
    },
    "node_modules/has-flag": {
      "version": "4.0.0",
      "resolved": "http://localhost:4873/has-flag/-/has-flag-4.0.0.tgz",
      "integrity": "sha512-EykJT/Q1KjTWctppgIAgfSO0tKVuZUjhgMr17kqTumMl6Afv3EISleU7qZUzoXDFTAHTDC4NOoG/ZxU3EvlMPQ==",
      "license": "MIT",
      "engines": {
        "node": ">=8"
      }
    },
    "node_modules/ms": {
      "version": "2.1.2",
      "resolved": "http://localhost:4873/ms/-/ms-2.1.2.tgz",
      "integrity": "sha512-sGkPx+VjMtmA6MX27oA4FBFELFCZZ4S4XqeGOXCv68tT+jb3vk/RyaKWP0PTKyWtmLSM0b+adUTEvbs1PEaH2w==",
      "license": "MIT"
    },
    "node_modules/node-addon-api": {
      "version": "4.3.0",
      "resolved": "http://localhost:4873/node-addon-api/-/node-addon-api-4.3.0.tgz",
      "integrity": "sha512-73sE9+3UaLYYFmDsFZnqCInzPyh3MqIwZO9cw58yIqAZhONrrabrYyYe3TuIqtIiOuTXVhsGau8hcrhhwSsDIQ==",
      "license": "MIT"
    },
    "node_modules/node-gyp-build": {
      "version": "4.5.0",
      "resolved": "http://localhost:4873/node-gyp-build/-/node-gyp-build-4.5.0.tgz",
      "integrity": "sha512-2iGbaQBV+ITgCz76ZEjmhUKAKVf7xfY1sRl4UiKQspfZMH2h06SyhNsnSVy50cwkFQDGLyif6m/6uFXHkOZ6rg==",
      "license": "MIT",
      "bin": {
        "node-gyp-build": "bin.js",
        "node-gyp-build-optional": "optional.js",
        "node-gyp-build-test": "build-test.js"
      }
    },
    "node_modules/serialport": {
      "version": "10.4.0",
      "resolved": "http://localhost:4873/serialport/-/serialport-10.4.0.tgz",
      "integrity": "sha512-PszPM5SnFMgSXom60PkKS2A9nMlNbHkuoyRBlzdSWw9rmgOn258+V0dYbWMrETJMM+TJV32vqBzjg5MmmUMwMw==",
      "license": "MIT",
      "dependencies": {
        "@serialport/binding-mock": "10.2.2",
        "@serialport/bindings-cpp": "10.7.0",
        "@serialport/parser-byte-length": "10.3.0",
        "@serialport/parser-cctalk": "10.3.0",
        "@serialport/parser-delimiter": "10.3.0",
        "@serialport/parser-inter-byte-timeout": "10.3.0",
        "@serialport/parser-packet-length": "10.3.0",
        "@serialport/parser-readline": "10.3.0",
        "@serialport/parser-ready": "10.3.0",
        "@serialport/parser-regex": "10.3.0",
        "@serialport/parser-slip-encoder": "10.3.0",
        "@serialport/parser-spacepacket": "10.3.0",
        "@serialport/stream": "10.3.0",
        "debug": "^4.3.3"
      },
      "engines": {
        "node": ">=12.0.0"
      },
      "funding": {
        "url": "https://opencollective.com/serialport/donate"
      }
    },
    "node_modules/supports-color": {
      "version": "7.2.0",
      "resolved": "http://localhost:4873/supports-color/-/supports-color-7.2.0.tgz",
      "integrity": "sha512-qpCAvRl9stuOHveKsn7HncJRvv501qIacKzQlO/+Lwxc9+0q2wLyv4Dfvt80/DPn2pqOBsJdDiogXGR9+OvwRw==",
      "license": "MIT",
      "dependencies": {
        "has-flag": "^4.0.0"
      },
      "engines": {
        "node": ">=8"
      }
    },
    "node_modules/time-stamp": {
      "version": "2.2.0",
      "resolved": "http://localhost:4873/time-stamp/-/time-stamp-2.2.0.tgz",
      "integrity": "sha512-zxke8goJQpBeEgD82CXABeMh0LSJcj7CXEd0OHOg45HgcofF7pxNwZm9+RknpxpDhwN4gFpySkApKfFYfRQnUA==",
      "license": "MIT",
      "engines": {
        "node": ">=0.10.0"
      }
    }
  },
  "dependencies": {
    "@serialport/binding-mock": {
      "version": "10.2.2",
      "resolved": "http://localhost:4873/@serialport%2fbinding-mock/-/binding-mock-10.2.2.tgz",
      "integrity": "sha512-HAFzGhk9OuFMpuor7aT5G1ChPgn5qSsklTFOTUX72Rl6p0xwcSVsRtG/xaGp6bxpN7fI9D/S8THLBWbBgS6ldw==",
      "requires": {
        "@serialport/bindings-interface": "^1.2.1",
        "debug": "^4.3.3"
      }
    },
    "@serialport/bindings-cpp": {
      "version": "10.7.0",
      "resolved": "http://localhost:4873/@serialport%2fbindings-cpp/-/bindings-cpp-10.7.0.tgz",
      "integrity": "sha512-Xx1wA2UCG2loS32hxNvWJI4smCzGKhWqE85//fLRzHoGgE1lSLe3Nk7W40/ebrlGFHWRbQZmeaIF4chb2XLliA==",
      "requires": {
        "@serialport/bindings-interface": "1.2.1",
        "@serialport/parser-readline": "^10.2.1",
        "debug": "^4.3.2",
        "node-addon-api": "^4.3.0",
        "node-gyp-build": "^4.3.0"
      },
      "dependencies": {
        "@serialport/bindings-interface": {
          "version": "1.2.1",
          "resolved": "http://localhost:4873/@serialport%2fbindings-interface/-/bindings-interface-1.2.1.tgz",
          "integrity": "sha512-63Dyqz2gtryRDDckFusOYqLYhR3Hq/M4sEdbF9i/VsvDb6T+tNVgoAKUZ+FMrXXKnCSu+hYbk+MTc0XQANszxw=="
        }
      }
    },
    "@serialport/bindings-interface": {
      "version": "1.2.2",
      "resolved": "http://localhost:4873/@serialport%2fbindings-interface/-/bindings-interface-1.2.2.tgz",
      "integrity": "sha512-CJaUd5bLvtM9c5dmO9rPBHPXTa9R2UwpkJ0wdh9JCYcbrPWsKz+ErvR0hBLeo7NPeiFdjFO4sonRljiw4d2XiA=="
    },
    "@serialport/parser-byte-length": {
      "version": "10.3.0",
      "resolved": "http://localhost:4873/@serialport%2fparser-byte-length/-/parser-byte-length-10.3.0.tgz",
      "integrity": "sha512-pJ/VoFemzKRRNDHLhFfPThwP40QrGaEnm9TtwL7o2GihEPwzBg3T0bN13ew5TpbbUYZdMpUtpm3CGfl6av9rUQ=="
    },
    "@serialport/parser-cctalk": {
      "version": "10.3.0",
      "resolved": "http://localhost:4873/@serialport%2fparser-cctalk/-/parser-cctalk-10.3.0.tgz",
      "integrity": "sha512-8ujmk8EvVbDPrNF4mM33bWvUYJOZ0wXbY3WCRazHRWvyCdL0VO0DQvW81ZqgoTpiDQZm5r8wQu9rmuemahF6vQ=="
    },
    "@serialport/parser-delimiter": {
      "version": "10.3.0",
      "resolved": "http://localhost:4873/@serialport%2fparser-delimiter/-/parser-delimiter-10.3.0.tgz",
      "integrity": "sha512-9E4Vj6s0UbbcCCTclwegHGPYjJhdm9qLCS0lowXQDEQC5naZnbsELemMHs93nD9jHPcyx1B4oXkMnVZLxX5TYw=="
    },
    "@serialport/parser-inter-byte-timeout": {
      "version": "10.3.0",
      "resolved": "http://localhost:4873/@serialport%2fparser-inter-byte-timeout/-/parser-inter-byte-timeout-10.3.0.tgz",
      "integrity": "sha512-wKP0QK85NHgvT6BBB1qBfKBBU4pf8kespNXAZBUYmFT+P4n8r8IZE2mqigCD+AiZcfWNQoAizwOsT/Jx/qeVig=="
    },
    "@serialport/parser-packet-length": {
      "version": "10.3.0",
      "resolved": "http://localhost:4873/@serialport%2fparser-packet-length/-/parser-packet-length-10.3.0.tgz",
      "integrity": "sha512-bj0cWzt8YSQj/E5fRQVYdi4TsfTlZQrXlXrUwjyTsCONv8IPOHzsz+yY0fw5SEMiJtaLyqvPkCHLsttOd/zFsg=="
    },
    "@serialport/parser-readline": {
      "version": "10.3.0",
      "resolved": "http://localhost:4873/@serialport%2fparser-readline/-/parser-readline-10.3.0.tgz",
      "integrity": "sha512-ki3ATZ3/RAqnqGROBKE7k+OeZ0DZXZ53GTca4q71OU5RazbbNhTOBQLKLXD3v9QZXCMJdg4hGW/2Y0DuMUqMQg==",
      "requires": {
        "@serialport/parser-delimiter": "10.3.0"
      }
    },
    "@serialport/parser-ready": {
      "version": "10.3.0",
      "resolved": "http://localhost:4873/@serialport%2fparser-ready/-/parser-ready-10.3.0.tgz",
      "integrity": "sha512-1owywJ4p592dJyVrEJZPIh6pUZ3/y/LN6kGTDH2wxdewRUITo/sGvDy0er5i2+dJD3yuowiAz0dOHSdz8tevJA=="
    },
    "@serialport/parser-regex": {
      "version": "10.3.0",
      "resolved": "http://localhost:4873/@serialport%2fparser-regex/-/parser-regex-10.3.0.tgz",
      "integrity": "sha512-tIogTs7CvTH+UUFnsvE7i33MSISyTPTGPWlglWYH2/5coipXY503jlaYS1YGe818wWNcSx6YAjMZRdhTWwM39w=="
    },
    "@serialport/parser-slip-encoder": {
      "version": "10.3.0",
      "resolved": "http://localhost:4873/@serialport%2fparser-slip-encoder/-/parser-slip-encoder-10.3.0.tgz",
      "integrity": "sha512-JI0ILF5sylWn8f0MuMzHFBix/iMUTa79/Z95KaPZYnVaEdA7h7hh/o21Jmon/26P3RJwL1SNJCjZ81zfan+LtQ=="
    },
    "@serialport/parser-spacepacket": {
      "version": "10.3.0",
      "resolved": "http://localhost:4873/@serialport%2fparser-spacepacket/-/parser-spacepacket-10.3.0.tgz",
      "integrity": "sha512-PDF73ClEPsClD1FEJZHNuBevDKsJCkqy/XD5+S5eA6+tY5D4HLrVgSWsg+3qqB6+dlpwf2CzHe+uO8D3teuKHA=="
    },
    "@serialport/stream": {
      "version": "10.3.0",
      "resolved": "http://localhost:4873/@serialport%2fstream/-/stream-10.3.0.tgz",
      "integrity": "sha512-7sooi5fHogYNVEJwxVdg872xO6TuMgQd2E9iRmv+o8pk/1dbBnPkmH6Ka3st1mVE+0KnIJqVlgei+ncSsqXIGw==",
      "requires": {
        "@serialport/bindings-interface": "1.2.1",
        "debug": "^4.3.2"
      },
      "dependencies": {
        "@serialport/bindings-interface": {
          "version": "1.2.1",
          "resolved": "http://localhost:4873/@serialport%2fbindings-interface/-/bindings-interface-1.2.1.tgz",
          "integrity": "sha512-63Dyqz2gtryRDDckFusOYqLYhR3Hq/M4sEdbF9i/VsvDb6T+tNVgoAKUZ+FMrXXKnCSu+hYbk+MTc0XQANszxw=="
        }
      }
    },
    "ansi-styles": {
      "version": "4.3.0",
      "resolved": "http://localhost:4873/ansi-styles/-/ansi-styles-4.3.0.tgz",
      "integrity": "sha512-zbB9rCJAT1rbjiVDb2hqKFHNYLxgtk8NURxZ3IZwD3F6NtxbXZQCnnSi1Lkx+IDohdPlFp222wVALIheZJQSEg==",
      "requires": {
        "color-convert": "^2.0.1"
      }
    },
    "chalk": {
      "version": "4.1.2",
      "resolved": "http://localhost:4873/chalk/-/chalk-4.1.2.tgz",
      "integrity": "sha512-oKnbhFyRIXpUuez8iBMmyEa4nbj4IOQyuhc/wy9kY7/WVPcwIO9VA668Pu8RkO7+0G76SLROeyw9CpQ061i4mA==",
      "requires": {
        "ansi-styles": "^4.1.0",
        "supports-color": "^7.1.0"
      }
    },
    "chalk-pipe": {
      "version": "4.0.0",
      "resolved": "http://localhost:4873/chalk-pipe/-/chalk-pipe-4.0.0.tgz",
      "integrity": "sha512-RbCYs/FDouEBoDSBLcHzUv44lpIR2UgeXGMrr8sSKjhJ2jJZ+gBJ89ZKo3XHqMXHFQRdU7oDcw+Lbg8rDA/hqw==",
      "requires": {
        "chalk": "^4.0.0",
        "css-color-names": "^1.0.0"
      }
    },
    "color-convert": {
      "version": "2.0.1",
      "resolved": "http://localhost:4873/color-convert/-/color-convert-2.0.1.tgz",
      "integrity": "sha512-RRECPsj7iu/xb5oKYcsFHSppFNnsj/52OVTRKb4zP5onXwVF3zVmmToNcOfGC+CRDpfK/U584fMg38ZHCaElKQ==",
      "requires": {
        "color-name": "~1.1.4"
      }
    },
    "color-name": {
      "version": "1.1.4",
      "resolved": "http://localhost:4873/color-name/-/color-name-1.1.4.tgz",
      "integrity": "sha512-dOy+3AuW3a2wNbZHIuMZpTcgjGuLU/uBL/ubcZF9OXbDo8ff4O8yVp5Bf0efS8uEoYo5q4Fx7dY9OgQGXgAsQA=="
    },
    "css-color-names": {
      "version": "1.0.1",
      "resolved": "http://localhost:4873/css-color-names/-/css-color-names-1.0.1.tgz",
      "integrity": "sha512-/loXYOch1qU1biStIFsHH8SxTmOseh1IJqFvy8IujXOm1h+QjUdDhkzOrR5HG8K8mlxREj0yfi8ewCHx0eMxzA=="
    },
    "debug": {
      "version": "4.3.4",
      "resolved": "http://localhost:4873/debug/-/debug-4.3.4.tgz",
      "integrity": "sha512-PRWFHuSU3eDtQJPvnNY7Jcket1j0t5OuOsFzPPzsekD52Zl8qUfFIPEiswXqIvHWGVHOgX+7G/vCNNhehwxfkQ==",
      "requires": {
        "ms": "2.1.2"
      }
    },
    "fancy-format-log": {
      "version": "3.0.0",
      "resolved": "http://localhost:4873/fancy-format-log/-/fancy-format-log-3.0.0.tgz",
      "integrity": "sha512-OBfnXqZujSfO5mL3pcskAbLWJ2HkHqMNIEZKTkhPVJ2vR3PZgBlBUJMMXyihzx9XYdOy4Lm0A9WgO2ah97ODJA==",
      "requires": {
        "chalk-pipe": "^4.0.0",
        "time-stamp": "^2.0.0"
      }
    },
    "has-flag": {
      "version": "4.0.0",
      "resolved": "http://localhost:4873/has-flag/-/has-flag-4.0.0.tgz",
      "integrity": "sha512-EykJT/Q1KjTWctppgIAgfSO0tKVuZUjhgMr17kqTumMl6Afv3EISleU7qZUzoXDFTAHTDC4NOoG/ZxU3EvlMPQ=="
    },
    "ms": {
      "version": "2.1.2",
      "resolved": "http://localhost:4873/ms/-/ms-2.1.2.tgz",
      "integrity": "sha512-sGkPx+VjMtmA6MX27oA4FBFELFCZZ4S4XqeGOXCv68tT+jb3vk/RyaKWP0PTKyWtmLSM0b+adUTEvbs1PEaH2w=="
    },
    "node-addon-api": {
      "version": "4.3.0",
      "resolved": "http://localhost:4873/node-addon-api/-/node-addon-api-4.3.0.tgz",
      "integrity": "sha512-73sE9+3UaLYYFmDsFZnqCInzPyh3MqIwZO9cw58yIqAZhONrrabrYyYe3TuIqtIiOuTXVhsGau8hcrhhwSsDIQ=="
    },
    "node-gyp-build": {
      "version": "4.5.0",
      "resolved": "http://localhost:4873/node-gyp-build/-/node-gyp-build-4.5.0.tgz",
      "integrity": "sha512-2iGbaQBV+ITgCz76ZEjmhUKAKVf7xfY1sRl4UiKQspfZMH2h06SyhNsnSVy50cwkFQDGLyif6m/6uFXHkOZ6rg=="
    },
    "serialport": {
      "version": "10.4.0",
      "resolved": "http://localhost:4873/serialport/-/serialport-10.4.0.tgz",
      "integrity": "sha512-PszPM5SnFMgSXom60PkKS2A9nMlNbHkuoyRBlzdSWw9rmgOn258+V0dYbWMrETJMM+TJV32vqBzjg5MmmUMwMw==",
      "requires": {
        "@serialport/binding-mock": "10.2.2",
        "@serialport/bindings-cpp": "10.7.0",
        "@serialport/parser-byte-length": "10.3.0",
        "@serialport/parser-cctalk": "10.3.0",
        "@serialport/parser-delimiter": "10.3.0",
        "@serialport/parser-inter-byte-timeout": "10.3.0",
        "@serialport/parser-packet-length": "10.3.0",
        "@serialport/parser-readline": "10.3.0",
        "@serialport/parser-ready": "10.3.0",
        "@serialport/parser-regex": "10.3.0",
        "@serialport/parser-slip-encoder": "10.3.0",
        "@serialport/parser-spacepacket": "10.3.0",
        "@serialport/stream": "10.3.0",
        "debug": "^4.3.3"
      }
    },
    "supports-color": {
      "version": "7.2.0",
      "resolved": "http://localhost:4873/supports-color/-/supports-color-7.2.0.tgz",
      "integrity": "sha512-qpCAvRl9stuOHveKsn7HncJRvv501qIacKzQlO/+Lwxc9+0q2wLyv4Dfvt80/DPn2pqOBsJdDiogXGR9+OvwRw==",
      "requires": {
        "has-flag": "^4.0.0"
      }
    },
    "time-stamp": {
      "version": "2.2.0",
      "resolved": "http://localhost:4873/time-stamp/-/time-stamp-2.2.0.tgz",
      "integrity": "sha512-zxke8goJQpBeEgD82CXABeMh0LSJcj7CXEd0OHOg45HgcofF7pxNwZm9+RknpxpDhwN4gFpySkApKfFYfRQnUA=="
    }
  }
}
